
Microsoft Visual Studio Solution File, Format Version 12.00
# Visual Studio Version 17
VisualStudioVersion = 17.9.34607.119
MinimumVisualStudioVersion = 10.0.40219.1
Project("{9A19103F-16F7-4668-BE54-9A1E7A4F7556}") = "GAMEHUB.API", "GAMEHUB.API\GAMEHUB.API.csproj", "{844DEB68-769D-4BED-B755-D7A2D45D40EC}"
EndProject
Project("{2150E333-8FDC-42A3-9474-1A3956D46DE8}") = "src", "src", "{E4E0D493-1F9B-4C0D-B236-7315BCB788E1}"
EndProject
Project("{9A19103F-16F7-4668-BE54-9A1E7A4F7556}") = "GAMEHUB.Infrastructure", "GAMEHUB.Infrastructure\GAMEHUB.Infrastructure.csproj", "{DC3CF682-B18F-4588-969A-98CD2DCA59FF}"
EndProject
Project("{9A19103F-16F7-4668-BE54-9A1E7A4F7556}") = "GAMEHUB.Domain", "GAMEHUB.Domain\GAMEHUB.Domain.csproj", "{9CEE898B-00D2-44C8-A135-E907752C05C3}"
EndProject
Project("{9A19103F-16F7-4668-BE54-9A1E7A4F7556}") = "GAMEHUB.Application", "GAMEHUB.Application\GAMEHUB.Application.csproj", "{F7550ABE-FB92-4940-8E30-2DA4B4B9772F}"
EndProject
Project("{9A19103F-16F7-4668-BE54-9A1E7A4F7556}") = "GAMEHUB.WEB.FO", "GAMEHUB.WEB.FO\GAMEHUB.WEB.FO.csproj", "{035C5CAB-93CD-49EF-A3D4-B27BE8AA67CE}"
EndProject
Project("{9A19103F-16F7-4668-BE54-9A1E7A4F7556}") = "GAMEHUB.WEB.BO", "GAMEHUB.WEB.BO\GAMEHUB.WEB.BO.csproj", "{23CB318C-BCF7-44E1-99F3-E51B8A0CD847}"
EndProject
Project("{9A19103F-16F7-4668-BE54-9A1E7A4F7556}") = "GAMEHUB.API.Gateway", "GAMEHUB.API.Gateway\GAMEHUB.API.Gateway.csproj", "{1A7B5CC4-A0F0-44F6-9EC9-DA7E9B65DE22}"
EndProject
Global
	GlobalSection(SolutionConfigurationPlatforms) = preSolution
		Debug|Any CPU = Debug|Any CPU
		Release|Any CPU = Release|Any CPU
	EndGlobalSection
	GlobalSection(ProjectConfigurationPlatforms) = postSolution
		{844DEB68-769D-4BED-B755-D7A2D45D40EC}.Debug|Any CPU.ActiveCfg = Debug|Any CPU
		{844DEB68-769D-4BED-B755-D7A2D45D40EC}.Debug|Any CPU.Build.0 = Debug|Any CPU
		{844DEB68-769D-4BED-B755-D7A2D45D40EC}.Release|Any CPU.ActiveCfg = Release|Any CPU
		{844DEB68-769D-4BED-B755-D7A2D45D40EC}.Release|Any CPU.Build.0 = Release|Any CPU
		{DC3CF682-B18F-4588-969A-98CD2DCA59FF}.Debug|Any CPU.ActiveCfg = Debug|Any CPU
		{DC3CF682-B18F-4588-969A-98CD2DCA59FF}.Debug|Any CPU.Build.0 = Debug|Any CPU
		{DC3CF682-B18F-4588-969A-98CD2DCA59FF}.Release|Any CPU.ActiveCfg = Release|Any CPU
		{DC3CF682-B18F-4588-969A-98CD2DCA59FF}.Release|Any CPU.Build.0 = Release|Any CPU
		{9CEE898B-00D2-44C8-A135-E907752C05C3}.Debug|Any CPU.ActiveCfg = Debug|Any CPU
		{9CEE898B-00D2-44C8-A135-E907752C05C3}.Debug|Any CPU.Build.0 = Debug|Any CPU
		{9CEE898B-00D2-44C8-A135-E907752C05C3}.Release|Any CPU.ActiveCfg = Release|Any CPU
		{9CEE898B-00D2-44C8-A135-E907752C05C3}.Release|Any CPU.Build.0 = Release|Any CPU
		{F7550ABE-FB92-4940-8E30-2DA4B4B9772F}.Debug|Any CPU.ActiveCfg = Debug|Any CPU
		{F7550ABE-FB92-4940-8E30-2DA4B4B9772F}.Debug|Any CPU.Build.0 = Debug|Any CPU
		{F7550ABE-FB92-4940-8E30-2DA4B4B9772F}.Release|Any CPU.ActiveCfg = Release|Any CPU
		{F7550ABE-FB92-4940-8E30-2DA4B4B9772F}.Release|Any CPU.Build.0 = Release|Any CPU
		{035C5CAB-93CD-49EF-A3D4-B27BE8AA67CE}.Debug|Any CPU.ActiveCfg = Debug|Any CPU
		{035C5CAB-93CD-49EF-A3D4-B27BE8AA67CE}.Debug|Any CPU.Build.0 = Debug|Any CPU
		{035C5CAB-93CD-49EF-A3D4-B27BE8AA67CE}.Release|Any CPU.ActiveCfg = Release|Any CPU
		{035C5CAB-93CD-49EF-A3D4-B27BE8AA67CE}.Release|Any CPU.Build.0 = Release|Any CPU
		{23CB318C-BCF7-44E1-99F3-E51B8A0CD847}.Debug|Any CPU.ActiveCfg = Debug|Any CPU
		{23CB318C-BCF7-44E1-99F3-E51B8A0CD847}.Debug|Any CPU.Build.0 = Debug|Any CPU
		{23CB318C-BCF7-44E1-99F3-E51B8A0CD847}.Release|Any CPU.ActiveCfg = Release|Any CPU
		{23CB318C-BCF7-44E1-99F3-E51B8A0CD847}.Release|Any CPU.Build.0 = Release|Any CPU
		{1A7B5CC4-A0F0-44F6-9EC9-DA7E9B65DE22}.Debug|Any CPU.ActiveCfg = Debug|Any CPU
		{1A7B5CC4-A0F0-44F6-9EC9-DA7E9B65DE22}.Debug|Any CPU.Build.0 = Debug|Any CPU
		{1A7B5CC4-A0F0-44F6-9EC9-DA7E9B65DE22}.Release|Any CPU.ActiveCfg = Release|Any CPU
		{1A7B5CC4-A0F0-44F6-9EC9-DA7E9B65DE22}.Release|Any CPU.Build.0 = Release|Any CPU
	EndGlobalSection
	GlobalSection(SolutionProperties) = preSolution
		HideSolutionNode = FALSE
	EndGlobalSection
	GlobalSection(NestedProjects) = preSolution
		{844DEB68-769D-4BED-B755-D7A2D45D40EC} = {E4E0D493-1F9B-4C0D-B236-7315BCB788E1}
		{DC3CF682-B18F-4588-969A-98CD2DCA59FF} = {E4E0D493-1F9B-4C0D-B236-7315BCB788E1}
		{9CEE898B-00D2-44C8-A135-E907752C05C3} = {E4E0D493-1F9B-4C0D-B236-7315BCB788E1}
		{F7550ABE-FB92-4940-8E30-2DA4B4B9772F} = {E4E0D493-1F9B-4C0D-B236-7315BCB788E1}
		{035C5CAB-93CD-49EF-A3D4-B27BE8AA67CE} = {E4E0D493-1F9B-4C0D-B236-7315BCB788E1}
		{23CB318C-BCF7-44E1-99F3-E51B8A0CD847} = {E4E0D493-1F9B-4C0D-B236-7315BCB788E1}
		{1A7B5CC4-A0F0-44F6-9EC9-DA7E9B65DE22} = {E4E0D493-1F9B-4C0D-B236-7315BCB788E1}
	EndGlobalSection
	GlobalSection(ExtensibilityGlobals) = postSolution
		SolutionGuid = {28600530-9544-4746-B5E0-F73A8C32AEFC}
	EndGlobalSection
EndGlobal
